
Microsoft Visual Studio Solution File, Format Version 12.00
# Visual Studio 15
VisualStudioVersion = 15.0.28010.2046
MinimumVisualStudioVersion = 10.0.40219.1
Project("{FAE04EC0-301F-11D3-BF4B-00C04F79EFBC}") = "Train_api_Wrapper", "Train_api_Wrapper\Train_api_Wrapper.csproj", "{3BE3C911-C577-4BB9-B80D-F8C9C467B12C}"
EndProject
Global
	GlobalSection(SolutionConfigurationPlatforms) = preSolution
		Debug|Any CPU = Debug|Any CPU
		Release|Any CPU = Release|Any CPU
	EndGlobalSection
	GlobalSection(ProjectConfigurationPlatforms) = postSolution
		{3BE3C911-C577-4BB9-B80D-F8C9C467B12C}.Debug|Any CPU.ActiveCfg = Debug|Any CPU
		{3BE3C911-C577-4BB9-B80D-F8C9C467B12C}.Debug|Any CPU.Build.0 = Debug|Any CPU
		{3BE3C911-C577-4BB9-B80D-F8C9C467B12C}.Release|Any CPU.ActiveCfg = Release|Any CPU
		{3BE3C911-C577-4BB9-B80D-F8C9C467B12C}.Release|Any CPU.Build.0 = Release|Any CPU
	EndGlobalSection
	GlobalSection(SolutionProperties) = preSolution
		HideSolutionNode = FALSE
	EndGlobalSection
	GlobalSection(ExtensibilityGlobals) = postSolution
		SolutionGuid = {26BDEEBA-ED47-4153-8236-55BC742F1D99}
	EndGlobalSection
EndGlobal
